{
  "originHash" : "e4f3495602f69323de8e95da3dde3bbd918055213063569831aae30fec0927be",
  "pins" : [
    {
      "identity" : "wwtextrasterizer",
      "kind" : "remoteSourceControl",
      "location" : "https://github.com/William-Weng/WWTextRasterizer",
      "state" : {
        "revision" : "ded9afbe5bd7afcbc0402eff97a174f2a7dd0fcb",
        "version" : "1.0.1"
      }
    }
  ],
  "version" : 3
}
